
Microsoft Visual Studio Solution File, Format Version 12.00
# Visual Studio Version 16
VisualStudioVersion = 16.0.30611.23
MinimumVisualStudioVersion = 10.0.40219.1
Project("{FAE04EC0-301F-11D3-BF4B-00C04F79EFBC}") = "ConsoleApp1", "ConsoleApp1\ConsoleApp1.csproj", "{D66A68B4-BEAD-489D-9756-6EAAFABA3379}"
EndProject
Global
	GlobalSection(SolutionConfigurationPlatforms) = preSolution
		Debug|Any CPU = Debug|Any CPU
		Release|Any CPU = Release|Any CPU
	EndGlobalSection
	GlobalSection(ProjectConfigurationPlatforms) = postSolution
		{D66A68B4-BEAD-489D-9756-6EAAFABA3379}.Debug|Any CPU.ActiveCfg = Debug|Any CPU
		{D66A68B4-BEAD-489D-9756-6EAAFABA3379}.Debug|Any CPU.Build.0 = Debug|Any CPU
		{D66A68B4-BEAD-489D-9756-6EAAFABA3379}.Release|Any CPU.ActiveCfg = Release|Any CPU
		{D66A68B4-BEAD-489D-9756-6EAAFABA3379}.Release|Any CPU.Build.0 = Release|Any CPU
	EndGlobalSection
	GlobalSection(SolutionProperties) = preSolution
		HideSolutionNode = FALSE
	EndGlobalSection
	GlobalSection(ExtensibilityGlobals) = postSolution
		SolutionGuid = {8DF5D002-497E-4765-BB5A-660C268FFF4C}
	EndGlobalSection
EndGlobal
